
Microsoft Visual Studio Solution File, Format Version 12.00
# Visual Studio Version 16
VisualStudioVersion = 16.0.31624.102
MinimumVisualStudioVersion = 10.0.40219.1
Project("{9A19103F-16F7-4668-BE54-9A1E7A4F7556}") = "Project.Entities", "Project.Entities\Project.Entities.csproj", "{25988B5A-76A6-4BDC-B332-8AF6C7AF5EE6}"
EndProject
Project("{9A19103F-16F7-4668-BE54-9A1E7A4F7556}") = "Project.MAP", "Project.MAP\Project.MAP.csproj", "{D25A48AC-B31A-48D5-8782-E71A6F033FE9}"
EndProject
Project("{9A19103F-16F7-4668-BE54-9A1E7A4F7556}") = "Project.DAL", "Project.DAL\Project.DAL.csproj", "{519B81F2-4938-4D77-9705-08318F75B15D}"
EndProject
Project("{9A19103F-16F7-4668-BE54-9A1E7A4F7556}") = "Project.Common", "Project.Common\Project.Common.csproj", "{1B634D15-1E3E-46A4-BD15-3BA57E0BE85C}"
EndProject
Project("{9A19103F-16F7-4668-BE54-9A1E7A4F7556}") = "Project.BLL", "Project.BLL\Project.BLL.csproj", "{B4901A86-6F1D-44D6-80DA-8F819A561C8A}"
EndProject
Project("{FAE04EC0-301F-11D3-BF4B-00C04F79EFBC}") = "Project.COREWEBUI", "Project.COREWEBUI\Project.COREWEBUI.csproj", "{AB8573C5-FC42-4311-ABA8-6C6A0FF58A4E}"
EndProject
Global
	GlobalSection(SolutionConfigurationPlatforms) = preSolution
		Debug|Any CPU = Debug|Any CPU
		Release|Any CPU = Release|Any CPU
	EndGlobalSection
	GlobalSection(ProjectConfigurationPlatforms) = postSolution
		{25988B5A-76A6-4BDC-B332-8AF6C7AF5EE6}.Debug|Any CPU.ActiveCfg = Debug|Any CPU
		{25988B5A-76A6-4BDC-B332-8AF6C7AF5EE6}.Debug|Any CPU.Build.0 = Debug|Any CPU
		{25988B5A-76A6-4BDC-B332-8AF6C7AF5EE6}.Release|Any CPU.ActiveCfg = Release|Any CPU
		{25988B5A-76A6-4BDC-B332-8AF6C7AF5EE6}.Release|Any CPU.Build.0 = Release|Any CPU
		{D25A48AC-B31A-48D5-8782-E71A6F033FE9}.Debug|Any CPU.ActiveCfg = Debug|Any CPU
		{D25A48AC-B31A-48D5-8782-E71A6F033FE9}.Debug|Any CPU.Build.0 = Debug|Any CPU
		{D25A48AC-B31A-48D5-8782-E71A6F033FE9}.Release|Any CPU.ActiveCfg = Release|Any CPU
		{D25A48AC-B31A-48D5-8782-E71A6F033FE9}.Release|Any CPU.Build.0 = Release|Any CPU
		{519B81F2-4938-4D77-9705-08318F75B15D}.Debug|Any CPU.ActiveCfg = Debug|Any CPU
		{519B81F2-4938-4D77-9705-08318F75B15D}.Debug|Any CPU.Build.0 = Debug|Any CPU
		{519B81F2-4938-4D77-9705-08318F75B15D}.Release|Any CPU.ActiveCfg = Release|Any CPU
		{519B81F2-4938-4D77-9705-08318F75B15D}.Release|Any CPU.Build.0 = Release|Any CPU
		{1B634D15-1E3E-46A4-BD15-3BA57E0BE85C}.Debug|Any CPU.ActiveCfg = Debug|Any CPU
		{1B634D15-1E3E-46A4-BD15-3BA57E0BE85C}.Debug|Any CPU.Build.0 = Debug|Any CPU
		{1B634D15-1E3E-46A4-BD15-3BA57E0BE85C}.Release|Any CPU.ActiveCfg = Release|Any CPU
		{1B634D15-1E3E-46A4-BD15-3BA57E0BE85C}.Release|Any CPU.Build.0 = Release|Any CPU
		{B4901A86-6F1D-44D6-80DA-8F819A561C8A}.Debug|Any CPU.ActiveCfg = Debug|Any CPU
		{B4901A86-6F1D-44D6-80DA-8F819A561C8A}.Debug|Any CPU.Build.0 = Debug|Any CPU
		{B4901A86-6F1D-44D6-80DA-8F819A561C8A}.Release|Any CPU.ActiveCfg = Release|Any CPU
		{B4901A86-6F1D-44D6-80DA-8F819A561C8A}.Release|Any CPU.Build.0 = Release|Any CPU
		{AB8573C5-FC42-4311-ABA8-6C6A0FF58A4E}.Debug|Any CPU.ActiveCfg = Debug|Any CPU
		{AB8573C5-FC42-4311-ABA8-6C6A0FF58A4E}.Debug|Any CPU.Build.0 = Debug|Any CPU
		{AB8573C5-FC42-4311-ABA8-6C6A0FF58A4E}.Release|Any CPU.ActiveCfg = Release|Any CPU
		{AB8573C5-FC42-4311-ABA8-6C6A0FF58A4E}.Release|Any CPU.Build.0 = Release|Any CPU
	EndGlobalSection
	GlobalSection(SolutionProperties) = preSolution
		HideSolutionNode = FALSE
	EndGlobalSection
	GlobalSection(ExtensibilityGlobals) = postSolution
		SolutionGuid = {D8A5A8B9-DFAB-4448-BAFF-7C9797238AEF}
	EndGlobalSection
EndGlobal
